
Microsoft Visual Studio Solution File, Format Version 12.00
# Visual Studio Version 17
VisualStudioVersion = 17.5.33424.131
MinimumVisualStudioVersion = 10.0.40219.1
Project("{9A19103F-16F7-4668-BE54-9A1E7A4F7556}") = "FirstMVCApp", "FirstMVCApp.csproj", "{517D674D-26B6-4D45-A5C9-599C28F8F62A}"
EndProject
Project("{9A19103F-16F7-4668-BE54-9A1E7A4F7556}") = "RazorPizzeria", "..\RazorPizzeria\RazorPizzeria.csproj", "{6E2675A2-2252-416A-A9C9-A95B5061D2FD}"
EndProject
Project("{9A19103F-16F7-4668-BE54-9A1E7A4F7556}") = "FirstBlazorApp", "..\FirstBlazorApp\FirstBlazorApp.csproj", "{400809FA-601F-4ADD-8130-F9DF1D6847D8}"
EndProject
Global
	GlobalSection(SolutionConfigurationPlatforms) = preSolution
		Debug|Any CPU = Debug|Any CPU
		Release|Any CPU = Release|Any CPU
	EndGlobalSection
	GlobalSection(ProjectConfigurationPlatforms) = postSolution
		{517D674D-26B6-4D45-A5C9-599C28F8F62A}.Debug|Any CPU.ActiveCfg = Debug|Any CPU
		{517D674D-26B6-4D45-A5C9-599C28F8F62A}.Debug|Any CPU.Build.0 = Debug|Any CPU
		{517D674D-26B6-4D45-A5C9-599C28F8F62A}.Release|Any CPU.ActiveCfg = Release|Any CPU
		{517D674D-26B6-4D45-A5C9-599C28F8F62A}.Release|Any CPU.Build.0 = Release|Any CPU
		{6E2675A2-2252-416A-A9C9-A95B5061D2FD}.Debug|Any CPU.ActiveCfg = Debug|Any CPU
		{6E2675A2-2252-416A-A9C9-A95B5061D2FD}.Debug|Any CPU.Build.0 = Debug|Any CPU
		{6E2675A2-2252-416A-A9C9-A95B5061D2FD}.Release|Any CPU.ActiveCfg = Release|Any CPU
		{6E2675A2-2252-416A-A9C9-A95B5061D2FD}.Release|Any CPU.Build.0 = Release|Any CPU
		{400809FA-601F-4ADD-8130-F9DF1D6847D8}.Debug|Any CPU.ActiveCfg = Debug|Any CPU
		{400809FA-601F-4ADD-8130-F9DF1D6847D8}.Debug|Any CPU.Build.0 = Debug|Any CPU
		{400809FA-601F-4ADD-8130-F9DF1D6847D8}.Release|Any CPU.ActiveCfg = Release|Any CPU
		{400809FA-601F-4ADD-8130-F9DF1D6847D8}.Release|Any CPU.Build.0 = Release|Any CPU
	EndGlobalSection
	GlobalSection(SolutionProperties) = preSolution
		HideSolutionNode = FALSE
	EndGlobalSection
	GlobalSection(ExtensibilityGlobals) = postSolution
		SolutionGuid = {A407A084-1430-4451-B9BA-A8C6AB6C8B1F}
	EndGlobalSection
EndGlobal
